
Microsoft Visual Studio Solution File, Format Version 12.00
# Visual Studio Version 17
VisualStudioVersion = 17.13.35931.197 d17.13
MinimumVisualStudioVersion = 10.0.40219.1
Project("{FAE04EC0-301F-11D3-BF4B-00C04F79EFBC}") = "BookBagaicha", "BookBagaicha.csproj", "{A27ACDE9-92E9-45AE-B857-0BB591A84C73}"
EndProject
Global
	GlobalSection(SolutionConfigurationPlatforms) = preSolution
		Debug|Any CPU = Debug|Any CPU
		Release|Any CPU = Release|Any CPU
	EndGlobalSection
	GlobalSection(ProjectConfigurationPlatforms) = postSolution
		{A27ACDE9-92E9-45AE-B857-0BB591A84C73}.Debug|Any CPU.ActiveCfg = Debug|Any CPU
		{A27ACDE9-92E9-45AE-B857-0BB591A84C73}.Debug|Any CPU.Build.0 = Debug|Any CPU
		{A27ACDE9-92E9-45AE-B857-0BB591A84C73}.Release|Any CPU.ActiveCfg = Release|Any CPU
		{A27ACDE9-92E9-45AE-B857-0BB591A84C73}.Release|Any CPU.Build.0 = Release|Any CPU
	EndGlobalSection
	GlobalSection(SolutionProperties) = preSolution
		HideSolutionNode = FALSE
	EndGlobalSection
	GlobalSection(ExtensibilityGlobals) = postSolution
		SolutionGuid = {1326B4C8-E147-4FB6-86AD-1FED369D307C}
	EndGlobalSection
EndGlobal
